
Microsoft Visual Studio Solution File, Format Version 12.00
# Visual Studio Version 17
VisualStudioVersion = 17.4.33403.182
MinimumVisualStudioVersion = 10.0.40219.1
Project("{9A19103F-16F7-4668-BE54-9A1E7A4F7556}") = "Files", "Files\Files.csproj", "{F91CE004-7361-4280-BB7C-2A8BB7681485}"
EndProject
Project("{FAE04EC0-301F-11D3-BF4B-00C04F79EFBC}") = "Классы", "Классы\Классы.csproj", "{67346F17-C01C-4847-AC73-B9F7D1EF07D8}"
EndProject
Global
	GlobalSection(SolutionConfigurationPlatforms) = preSolution
		Debug|Any CPU = Debug|Any CPU
		Release|Any CPU = Release|Any CPU
	EndGlobalSection
	GlobalSection(ProjectConfigurationPlatforms) = postSolution
		{F91CE004-7361-4280-BB7C-2A8BB7681485}.Debug|Any CPU.ActiveCfg = Debug|Any CPU
		{F91CE004-7361-4280-BB7C-2A8BB7681485}.Debug|Any CPU.Build.0 = Debug|Any CPU
		{F91CE004-7361-4280-BB7C-2A8BB7681485}.Release|Any CPU.ActiveCfg = Release|Any CPU
		{F91CE004-7361-4280-BB7C-2A8BB7681485}.Release|Any CPU.Build.0 = Release|Any CPU
		{67346F17-C01C-4847-AC73-B9F7D1EF07D8}.Debug|Any CPU.ActiveCfg = Debug|Any CPU
		{67346F17-C01C-4847-AC73-B9F7D1EF07D8}.Debug|Any CPU.Build.0 = Debug|Any CPU
		{67346F17-C01C-4847-AC73-B9F7D1EF07D8}.Release|Any CPU.ActiveCfg = Release|Any CPU
		{67346F17-C01C-4847-AC73-B9F7D1EF07D8}.Release|Any CPU.Build.0 = Release|Any CPU
	EndGlobalSection
	GlobalSection(SolutionProperties) = preSolution
		HideSolutionNode = FALSE
	EndGlobalSection
	GlobalSection(ExtensibilityGlobals) = postSolution
		SolutionGuid = {DEED00BD-36AB-4A77-9DAB-A98C75EBBCEA}
	EndGlobalSection
EndGlobal
